
Microsoft Visual Studio Solution File, Format Version 12.00
# Visual Studio Version 16
VisualStudioVersion = 16.0.30711.63
MinimumVisualStudioVersion = 10.0.40219.1
Project("{9A19103F-16F7-4668-BE54-9A1E7A4F7556}") = "Pipester", "Pipester\Pipester.csproj", "{ED213B15-C8AF-4731-B6CF-4D9344C61414}"
EndProject
Project("{FAE04EC0-301F-11D3-BF4B-00C04F79EFBC}") = "Pipester.Test", "Pipester.Test\Pipester.Test.csproj", "{99613B63-0629-4A9E-8FFD-44B6DF5D29EF}"
EndProject
Global
	GlobalSection(SolutionConfigurationPlatforms) = preSolution
		Debug|Any CPU = Debug|Any CPU
		Release|Any CPU = Release|Any CPU
	EndGlobalSection
	GlobalSection(ProjectConfigurationPlatforms) = postSolution
		{ED213B15-C8AF-4731-B6CF-4D9344C61414}.Debug|Any CPU.ActiveCfg = Debug|Any CPU
		{ED213B15-C8AF-4731-B6CF-4D9344C61414}.Debug|Any CPU.Build.0 = Debug|Any CPU
		{ED213B15-C8AF-4731-B6CF-4D9344C61414}.Release|Any CPU.ActiveCfg = Release|Any CPU
		{ED213B15-C8AF-4731-B6CF-4D9344C61414}.Release|Any CPU.Build.0 = Release|Any CPU
		{99613B63-0629-4A9E-8FFD-44B6DF5D29EF}.Debug|Any CPU.ActiveCfg = Debug|Any CPU
		{99613B63-0629-4A9E-8FFD-44B6DF5D29EF}.Debug|Any CPU.Build.0 = Debug|Any CPU
		{99613B63-0629-4A9E-8FFD-44B6DF5D29EF}.Release|Any CPU.ActiveCfg = Release|Any CPU
		{99613B63-0629-4A9E-8FFD-44B6DF5D29EF}.Release|Any CPU.Build.0 = Release|Any CPU
	EndGlobalSection
	GlobalSection(SolutionProperties) = preSolution
		HideSolutionNode = FALSE
	EndGlobalSection
	GlobalSection(ExtensibilityGlobals) = postSolution
		SolutionGuid = {4963F236-1112-4AD3-82CD-D431BBDE28F0}
	EndGlobalSection
EndGlobal
